
Microsoft Visual Studio Solution File, Format Version 12.00
# Visual Studio Version 17
VisualStudioVersion = 17.9.34607.119
MinimumVisualStudioVersion = 10.0.40219.1
Project("{FAE04EC0-301F-11D3-BF4B-00C04F79EFBC}") = "Android.SimpleWebViewClient", "Android.SimpleWebViewClient\Android.SimpleWebViewClient.csproj", "{8C2B74BA-EFA0-4C70-AC98-75DF34973E79}"
EndProject
Global
	GlobalSection(SolutionConfigurationPlatforms) = preSolution
		Debug|Any CPU = Debug|Any CPU
		Release|Any CPU = Release|Any CPU
	EndGlobalSection
	GlobalSection(ProjectConfigurationPlatforms) = postSolution
		{8C2B74BA-EFA0-4C70-AC98-75DF34973E79}.Debug|Any CPU.ActiveCfg = Debug|Any CPU
		{8C2B74BA-EFA0-4C70-AC98-75DF34973E79}.Debug|Any CPU.Build.0 = Debug|Any CPU
		{8C2B74BA-EFA0-4C70-AC98-75DF34973E79}.Release|Any CPU.ActiveCfg = Release|Any CPU
		{8C2B74BA-EFA0-4C70-AC98-75DF34973E79}.Release|Any CPU.Build.0 = Release|Any CPU
	EndGlobalSection
	GlobalSection(SolutionProperties) = preSolution
		HideSolutionNode = FALSE
	EndGlobalSection
	GlobalSection(ExtensibilityGlobals) = postSolution
		SolutionGuid = {3A1E2634-0E07-49C5-AFB2-6A2D94E2C72A}
	EndGlobalSection
EndGlobal
